
Microsoft Visual Studio Solution File, Format Version 12.00
# Visual Studio Version 17
VisualStudioVersion = 17.8.34525.116
MinimumVisualStudioVersion = 10.0.40219.1
Project("{FAE04EC0-301F-11D3-BF4B-00C04F79EFBC}") = "SnackisAPI", "SnackisAPI\SnackisAPI.csproj", "{931E8007-1FDC-4353-BD65-44861ADA168B}"
EndProject
Global
	GlobalSection(SolutionConfigurationPlatforms) = preSolution
		Debug|Any CPU = Debug|Any CPU
		Release|Any CPU = Release|Any CPU
	EndGlobalSection
	GlobalSection(ProjectConfigurationPlatforms) = postSolution
		{931E8007-1FDC-4353-BD65-44861ADA168B}.Debug|Any CPU.ActiveCfg = Debug|Any CPU
		{931E8007-1FDC-4353-BD65-44861ADA168B}.Debug|Any CPU.Build.0 = Debug|Any CPU
		{931E8007-1FDC-4353-BD65-44861ADA168B}.Release|Any CPU.ActiveCfg = Release|Any CPU
		{931E8007-1FDC-4353-BD65-44861ADA168B}.Release|Any CPU.Build.0 = Release|Any CPU
	EndGlobalSection
	GlobalSection(SolutionProperties) = preSolution
		HideSolutionNode = FALSE
	EndGlobalSection
	GlobalSection(ExtensibilityGlobals) = postSolution
		SolutionGuid = {7BD49968-D7C2-4CEB-BFB6-E98E68BDBE80}
	EndGlobalSection
EndGlobal
